PODS:
  - kNNRealm (0.1.0)
  - Nimble (0.4.2)
  - Quick (0.3.1)

DEPENDENCIES:
  - kNNRealm (from `../`)
  - Nimble
  - Quick (~> 0.3.1)

EXTERNAL SOURCES:
  kNNRealm:
    :path: ../

SPEC CHECKSUMS:
  kNNRealm: 03b6db22831f6c7cfd8af916d8031ee4bdd2eb22
  Nimble: 49b7a7da8919f42823d37c6d68cc6d15a7009f32
  Quick: 824572d3d198d51e52cf4aa722cebf7e59952a35

COCOAPODS: 0.37.1
